
Microsoft Visual Studio Solution File, Format Version 12.00
# Visual Studio Version 17
VisualStudioVersion = 17.3.32811.315
MinimumVisualStudioVersion = 10.0.40219.1
Project("{9A19103F-16F7-4668-BE54-9A1E7A4F7556}") = "PlakApp.Entities", "PlakApp.Entities\PlakApp.Entities.csproj", "{8CCD3085-0EA7-43F9-85D3-396C467764A3}"
EndProject
Project("{9A19103F-16F7-4668-BE54-9A1E7A4F7556}") = "PlakApp.DataAccess", "PlakApp.DataAccess\PlakApp.DataAccess.csproj", "{CB1DCCD8-06F5-4113-A5FA-65C5C03424D5}"
EndProject
Project("{9A19103F-16F7-4668-BE54-9A1E7A4F7556}") = "PlakApp.Bll", "PlakApp.Bll\PlakApp.Bll.csproj", "{A6B42FA7-8D66-46C7-BCCF-49E0BBCEFDC7}"
EndProject
Project("{9A19103F-16F7-4668-BE54-9A1E7A4F7556}") = "PlakApp.Core", "PlakApp.Core\PlakApp.Core.csproj", "{12ECD8D2-AC54-4583-8281-2ED876F75F7A}"
EndProject
Project("{FAE04EC0-301F-11D3-BF4B-00C04F79EFBC}") = "PlakApp.UI", "PlakApp.UI\PlakApp.UI.csproj", "{0865EF05-DD42-403A-A268-2BAD8E7A74E9}"
EndProject
Global
	GlobalSection(SolutionConfigurationPlatforms) = preSolution
		Debug|Any CPU = Debug|Any CPU
		Release|Any CPU = Release|Any CPU
	EndGlobalSection
	GlobalSection(ProjectConfigurationPlatforms) = postSolution
		{8CCD3085-0EA7-43F9-85D3-396C467764A3}.Debug|Any CPU.ActiveCfg = Debug|Any CPU
		{8CCD3085-0EA7-43F9-85D3-396C467764A3}.Debug|Any CPU.Build.0 = Debug|Any CPU
		{8CCD3085-0EA7-43F9-85D3-396C467764A3}.Release|Any CPU.ActiveCfg = Release|Any CPU
		{8CCD3085-0EA7-43F9-85D3-396C467764A3}.Release|Any CPU.Build.0 = Release|Any CPU
		{CB1DCCD8-06F5-4113-A5FA-65C5C03424D5}.Debug|Any CPU.ActiveCfg = Debug|Any CPU
		{CB1DCCD8-06F5-4113-A5FA-65C5C03424D5}.Debug|Any CPU.Build.0 = Debug|Any CPU
		{CB1DCCD8-06F5-4113-A5FA-65C5C03424D5}.Release|Any CPU.ActiveCfg = Release|Any CPU
		{CB1DCCD8-06F5-4113-A5FA-65C5C03424D5}.Release|Any CPU.Build.0 = Release|Any CPU
		{A6B42FA7-8D66-46C7-BCCF-49E0BBCEFDC7}.Debug|Any CPU.ActiveCfg = Debug|Any CPU
		{A6B42FA7-8D66-46C7-BCCF-49E0BBCEFDC7}.Debug|Any CPU.Build.0 = Debug|Any CPU
		{A6B42FA7-8D66-46C7-BCCF-49E0BBCEFDC7}.Release|Any CPU.ActiveCfg = Release|Any CPU
		{A6B42FA7-8D66-46C7-BCCF-49E0BBCEFDC7}.Release|Any CPU.Build.0 = Release|Any CPU
		{12ECD8D2-AC54-4583-8281-2ED876F75F7A}.Debug|Any CPU.ActiveCfg = Debug|Any CPU
		{12ECD8D2-AC54-4583-8281-2ED876F75F7A}.Debug|Any CPU.Build.0 = Debug|Any CPU
		{12ECD8D2-AC54-4583-8281-2ED876F75F7A}.Release|Any CPU.ActiveCfg = Release|Any CPU
		{12ECD8D2-AC54-4583-8281-2ED876F75F7A}.Release|Any CPU.Build.0 = Release|Any CPU
		{0865EF05-DD42-403A-A268-2BAD8E7A74E9}.Debug|Any CPU.ActiveCfg = Debug|Any CPU
		{0865EF05-DD42-403A-A268-2BAD8E7A74E9}.Debug|Any CPU.Build.0 = Debug|Any CPU
		{0865EF05-DD42-403A-A268-2BAD8E7A74E9}.Release|Any CPU.ActiveCfg = Release|Any CPU
		{0865EF05-DD42-403A-A268-2BAD8E7A74E9}.Release|Any CPU.Build.0 = Release|Any CPU
	EndGlobalSection
	GlobalSection(SolutionProperties) = preSolution
		HideSolutionNode = FALSE
	EndGlobalSection
	GlobalSection(ExtensibilityGlobals) = postSolution
		SolutionGuid = {09B90EA4-3667-412F-9F43-B0D513AE031A}
	EndGlobalSection
EndGlobal
